<?xml version="1.0" encoding="utf-8"?>
<Project ToolsVersion="4.0" xmlns="http://schemas.microsoft.com/developer/msbuild/2003">
  <ItemGroup>
    <Filter Include="Source Files">
      <UniqueIdentifier>{4FC737F1-C7A5-4376-A066-2A32D752A2FF}</UniqueIdentifier>
      <Extensions>cpp;c;cc;cxx;def;odl;idl;hpj;bat;asm;asmx</Extensions>
    </Filter>
    <Filter Include="Header Files">
      <UniqueIdentifier>{93995380-89BD-4b04-88EB-625FBE52EBFB}</UniqueIdentifier>
      <Extensions>h;hh;hpp;hxx;hm;inl;inc;xsd</Extensions>
    </Filter>
    <Filter Include="Misc Files">
      <UniqueIdentifier>{67DA6AB6-F800-4c08-8B7A-83BB121AAD01}</UniqueIdentifier>
      <Extensions>xml;json;txt;rc;ico;cur;bmp;dlg;rc2;rct;bin;rgs;gif;jpg;jpeg;jpe;resx;tiff;tif;png;wav;mfcribbon-ms</Extensions>
    </Filter>
  </ItemGroup>
  <ItemGroup>
    <None Include="data\canvasjs.min.js.gz">
      <Filter>Misc Files</Filter>
    </None>
    <None Include="data\chart.html">
      <Filter>Misc Files</Filter>
    </None>
    <None Include="data\index.html">
      <Filter>Misc Files</Filter>
    </None>
    <None Include="data\jquery-1.11.1.min.js.gz">
      <Filter>Misc Files</Filter>
    </None>
    <None Include="data\jsontest.html">
      <Filter>Misc Files</Filter>
    </None>
    <None Include="data\justgage.js">
      <Filter>Misc Files</Filter>
    </None>
    <None Include="data\justgage.js.gz">
      <Filter>Misc Files</Filter>
    </None>
    <None Include="data\raphael-2.1.4.min.js">
      <Filter>Misc Files</Filter>
    </None>
    <None Include="data\raphael-2.1.4.min.js.gz">
      <Filter>Misc Files</Filter>
    </None>
    <None Include="data\save.csv">
      <Filter>Misc Files</Filter>
    </None>
    <None Include="data\smoothie.js">
      <Filter>Misc Files</Filter>
    </None>
    <None Include="data\smoothie.js.gz">
      <Filter>Misc Files</Filter>
    </None>
    <None Include="data\config\config.html">
      <Filter>Misc Files</Filter>
    </None>
    <None Include="data\config\html5simple.css">
      <Filter>Misc Files</Filter>
    </None>
    <None Include="data\config\update.html">
      <Filter>Misc Files</Filter>
    </None>
    <None Include="data\config\config.js" />
    <None Include="captobox.ino" />
  </ItemGroup>
  <ItemGroup>
    <ClInclude Include="__vm\.captobox.vsarduino.h">
      <Filter>Header Files</Filter>
    </ClInclude>
    <ClInclude Include="src\Config.h">
      <Filter>Header Files</Filter>
    </ClInclude>
    <ClInclude Include="src\Sensor.h">
      <Filter>Header Files</Filter>
    </ClInclude>
    <ClInclude Include="src\spiffs_lib.h">
      <Filter>Header Files</Filter>
    </ClInclude>
    <ClInclude Include="src\Measure.h">
      <Filter>Header Files</Filter>
    </ClInclude>
    <ClInclude Include="src\BME680Sensor.h">
      <Filter>Header Files</Filter>
    </ClInclude>
    <ClInclude Include="src\MOD1023Sensor.h">
      <Filter>Header Files</Filter>
    </ClInclude>
  </ItemGroup>
  <ItemGroup>
    <ClCompile Include="src\Config.cpp">
      <Filter>Source Files</Filter>
    </ClCompile>
    <ClCompile Include="src\Sensor.cpp">
      <Filter>Source Files</Filter>
    </ClCompile>
    <ClCompile Include="src\Measure.cpp">
      <Filter>Source Files</Filter>
    </ClCompile>
    <ClCompile Include="src\BME680Sensor.cpp">
      <Filter>Source Files</Filter>
    </ClCompile>
    <ClCompile Include="src\MOD1023Sensor.cpp">
      <Filter>Source Files</Filter>
    </ClCompile>
  </ItemGroup>
  <ItemGroup>
    <Text Include="data\config.txt">
      <Filter>Misc Files</Filter>
    </Text>
  </ItemGroup>
</Project>